
Microsoft Visual Studio Solution File, Format Version 12.00
# Visual Studio 2012
Project("{FAE04EC0-301F-11D3-BF4B-00C04F79EFBC}") = "Nonoe.Tailz.Core", "Nonoe.Tailz.Core\Nonoe.Tailz.Core.csproj", "{D852BC02-018F-4ABA-8601-3BBA9C9B9239}"
EndProject
Project("{FAE04EC0-301F-11D3-BF4B-00C04F79EFBC}") = "Nonoe.Tailz.GUI", "Nonoe.Tailz.GUI\Nonoe.Tailz.GUI.csproj", "{975BA617-69F4-46B5-9A10-CC3AF741608F}"
EndProject
Global
	GlobalSection(SolutionConfigurationPlatforms) = preSolution
		Debug|Any CPU = Debug|Any CPU
		Release|Any CPU = Release|Any CPU
	EndGlobalSection
	GlobalSection(ProjectConfigurationPlatforms) = postSolution
		{D852BC02-018F-4ABA-8601-3BBA9C9B9239}.Debug|Any CPU.ActiveCfg = Debug|Any CPU
		{D852BC02-018F-4ABA-8601-3BBA9C9B9239}.Debug|Any CPU.Build.0 = Debug|Any CPU
		{D852BC02-018F-4ABA-8601-3BBA9C9B9239}.Release|Any CPU.ActiveCfg = Release|Any CPU
		{D852BC02-018F-4ABA-8601-3BBA9C9B9239}.Release|Any CPU.Build.0 = Release|Any CPU
		{975BA617-69F4-46B5-9A10-CC3AF741608F}.Debug|Any CPU.ActiveCfg = Debug|Any CPU
		{975BA617-69F4-46B5-9A10-CC3AF741608F}.Debug|Any CPU.Build.0 = Debug|Any CPU
		{975BA617-69F4-46B5-9A10-CC3AF741608F}.Release|Any CPU.ActiveCfg = Release|Any CPU
		{975BA617-69F4-46B5-9A10-CC3AF741608F}.Release|Any CPU.Build.0 = Release|Any CPU
	EndGlobalSection
	GlobalSection(SolutionProperties) = preSolution
		HideSolutionNode = FALSE
	EndGlobalSection
EndGlobal
